// !$*UTF8*$!
{
	archiveVersion = 1;
	classes = {
	};
	objectVersion = 77;
	objects = {

/* Begin PBXBuildFile section */
		692F16092F89F66C0037745D /* liblsd.a in Frameworks */ = {isa = PBXBuildFile; fileRef = 692F15482F89398D0037745D /* liblsd.a */; };
		692F17752F8CFD870037745D /* libvorbisfile.3.dylib in Frameworks */ = {isa = PBXBuildFile; fileRef = 692F176F2F8CFCB90037745D /* libvorbisfile.3.dylib */; };
		692F17762F8CFD870037745D /* libvorbis.0.dylib in Frameworks */ = {isa = PBXBuildFile; fileRef = 692F17712F8CFCB90037745D /* libvorbis.0.dylib */; };
		692F17772F8CFD870037745D /* libogg.0.8.6.dylib in Frameworks */ = {isa = PBXBuildFile; fileRef = 692F17702F8CFCB90037745D /* libogg.0.8.6.dylib */; };
		692F17792F8DEC6E0037745D /* libunistring.5.dylib in Frameworks */ = {isa = PBXBuildFile; fileRef = 692F17782F8DEC6E0037745D /* libunistring.5.dylib */; };
/* End PBXBuildFile section */

/* Begin PBXContainerItemProxy section */
		692F16062F89F64F0037745D /* PBXContainerItemProxy */ = {
			isa = PBXContainerItemProxy;
			containerPortal = 692F15402F89398D0037745D /* Project object */;
			proxyType = 1;
			remoteGlobalIDString = 692F15472F89398D0037745D;
			remoteInfo = lsd;
		};
/* End PBXContainerItemProxy section */

/* Begin PBXCopyFilesBuildPhase section */
		692F15EE2F89F61E0037745D /* CopyFiles */ = {
			isa = PBXCopyFilesBuildPhase;
			buildActionMask = 2147483647;
			dstPath = /usr/share/man/man1/;
			dstSubfolderSpec = 0;
			files = (
			);
			runOnlyForDeploymentPostprocessing = 1;
		};
/* End PBXCopyFilesBuildPhase section */

/* Begin PBXFileReference section */
		692F15482F89398D0037745D /* liblsd.a */ = {isa = PBXFileReference; explicitFileType = archive.ar; includeInIndex = 0; path = liblsd.a; sourceTree = BUILT_PRODUCTS_DIR; };
		692F15F02F89F61E0037745D /* tests */ = {isa = PBXFileReference; explicitFileType = "compiled.mach-o.executable"; includeInIndex = 0; path = tests; sourceTree = BUILT_PRODUCTS_DIR; };
		692F176F2F8CFCB90037745D /* libvorbisfile.3.dylib */ = {isa = PBXFileReference; lastKnownFileType = "compiled.mach-o.dylib"; name = libvorbisfile.3.dylib; path = ../../../../opt/homebrew/Cellar/libvorbis/1.3.7/lib/libvorbisfile.3.dylib; sourceTree = "<group>"; };
		692F17702F8CFCB90037745D /* libogg.0.8.6.dylib */ = {isa = PBXFileReference; lastKnownFileType = "compiled.mach-o.dylib"; name = libogg.0.8.6.dylib; path = ../../../../opt/homebrew/Cellar/libogg/1.3.6/lib/libogg.0.8.6.dylib; sourceTree = "<group>"; };
		692F17712F8CFCB90037745D /* libvorbis.0.dylib */ = {isa = PBXFileReference; lastKnownFileType = "compiled.mach-o.dylib"; name = libvorbis.0.dylib; path = ../../../../opt/homebrew/Cellar/libvorbis/1.3.7/lib/libvorbis.0.dylib; sourceTree = "<group>"; };
		692F17782F8DEC6E0037745D /* libunistring.5.dylib */ = {isa = PBXFileReference; lastKnownFileType = "compiled.mach-o.dylib"; name = libunistring.5.dylib; path = ../../../../opt/homebrew/Cellar/libunistring/1.4.2/lib/libunistring.5.dylib; sourceTree = "<group>"; };
		692F1D552F91DC900037745D /* dictzip.xcodeproj */ = {isa = PBXFileReference; lastKnownFileType = "wrapper.pb-project"; path = dictzip.xcodeproj; sourceTree = "<group>"; };
/* End PBXFileReference section */

/* Begin PBXFileSystemSynchronizedBuildFileExceptionSet section */
		692F15642F8939B90037745D /* Exceptions for "src" folder in "lsd" target */ = {
			isa = PBXFileSystemSynchronizedBuildFileExceptionSet;
			membershipExceptions = (
				dsl_reader.c,
				dsl_reader.h,
				lsa_reader.c,
				lsa_reader.h,
				lsd_bitstream.c,
				lsd_bitstream.h,
				lsd_decoder.c,
				lsd_decoder.h,
				lsd_huffman.c,
				lsd_huffman.h,
				lsd_page_store.c,
				lsd_page_store.h,
				lsd_reader.c,
				lsd_reader.h,
				lsd_types.c,
				lsd_types.h,
				lsd_utils.c,
				lsd_utils.h,
			);
			target = 692F15472F89398D0037745D /* lsd */;
		};
		692F1D692F91DCAF0037745D /* Exceptions for "deps" folder in "lsd" target */ = {
			isa = PBXFileSystemSynchronizedBuildFileExceptionSet;
			membershipExceptions = (
				dictzip/tests/main.c,
			);
			target = 692F15472F89398D0037745D /* lsd */;
		};
/* End PBXFileSystemSynchronizedBuildFileExceptionSet section */

/* Begin PBXFileSystemSynchronizedRootGroup section */
		692F154F2F8939940037745D /* src */ = {
			isa = PBXFileSystemSynchronizedRootGroup;
			exceptions = (
				692F15642F8939B90037745D /* Exceptions for "src" folder in "lsd" target */,
			);
			path = src;
			sourceTree = "<group>";
		};
		692F15F12F89F61E0037745D /* tests */ = {
			isa = PBXFileSystemSynchronizedRootGroup;
			path = tests;
			sourceTree = "<group>";
		};
		692F1D582F91DC900037745D /* deps */ = {
			isa = PBXFileSystemSynchronizedRootGroup;
			exceptions = (
				692F1D692F91DCAF0037745D /* Exceptions for "deps" folder in "lsd" target */,
			);
			path = deps;
			sourceTree = "<group>";
		};
/* End PBXFileSystemSynchronizedRootGroup section */

/* Begin PBXFrameworksBuildPhase section */
		692F15462F89398D0037745D /* Frameworks */ = {
			isa = PBXFrameworksBuildPhase;
			buildActionMask = 2147483647;
			files = (
			);
			runOnlyForDeploymentPostprocessing = 0;
		};
		692F15ED2F89F61E0037745D /* Frameworks */ = {
			isa = PBXFrameworksBuildPhase;
			buildActionMask = 2147483647;
			files = (
				692F17792F8DEC6E0037745D /* libunistring.5.dylib in Frameworks */,
				692F17752F8CFD870037745D /* libvorbisfile.3.dylib in Frameworks */,
				692F17762F8CFD870037745D /* libvorbis.0.dylib in Frameworks */,
				692F17772F8CFD870037745D /* libogg.0.8.6.dylib in Frameworks */,
				692F16092F89F66C0037745D /* liblsd.a in Frameworks */,
			);
			runOnlyForDeploymentPostprocessing = 0;
		};
/* End PBXFrameworksBuildPhase section */

/* Begin PBXGroup section */
		692F153F2F89398D0037745D = {
			isa = PBXGroup;
			children = (
				692F1D582F91DC900037745D /* deps */,
				692F154F2F8939940037745D /* src */,
				692F15F12F89F61E0037745D /* tests */,
				692F16082F89F66C0037745D /* Frameworks */,
				692F15492F89398D0037745D /* Products */,
			);
			sourceTree = "<group>";
		};
		692F15492F89398D0037745D /* Products */ = {
			isa = PBXGroup;
			children = (
				692F15482F89398D0037745D /* liblsd.a */,
				692F15F02F89F61E0037745D /* tests */,
			);
			name = Products;
			sourceTree = "<group>";
		};
		692F16082F89F66C0037745D /* Frameworks */ = {
			isa = PBXGroup;
			children = (
				692F17782F8DEC6E0037745D /* libunistring.5.dylib */,
				692F17702F8CFCB90037745D /* libogg.0.8.6.dylib */,
				692F17712F8CFCB90037745D /* libvorbis.0.dylib */,
				692F176F2F8CFCB90037745D /* libvorbisfile.3.dylib */,
			);
			name = Frameworks;
			sourceTree = "<group>";
		};
		692F1D592F91DC900037745D /* Products */ = {
			isa = PBXGroup;
			children = (
			);
			name = Products;
			sourceTree = "<group>";
		};
/* End PBXGroup section */

/* Begin PBXHeadersBuildPhase section */
		692F15442F89398D0037745D /* Headers */ = {
			isa = PBXHeadersBuildPhase;
			buildActionMask = 2147483647;
			files = (
			);
			runOnlyForDeploymentPostprocessing = 0;
		};
/* End PBXHeadersBuildPhase section */

/* Begin PBXNativeTarget section */
		692F15472F89398D0037745D /* lsd */ = {
			isa = PBXNativeTarget;
			buildConfigurationList = 692F154C2F89398D0037745D /* Build configuration list for PBXNativeTarget "lsd" */;
			buildPhases = (
				692F15442F89398D0037745D /* Headers */,
				692F15452F89398D0037745D /* Sources */,
				692F15462F89398D0037745D /* Frameworks */,
			);
			buildRules = (
			);
			dependencies = (
			);
			fileSystemSynchronizedGroups = (
				692F1D582F91DC900037745D /* deps */,
			);
			name = lsd;
			packageProductDependencies = (
			);
			productName = lsd;
			productReference = 692F15482F89398D0037745D /* liblsd.a */;
			productType = "com.apple.product-type.library.static";
		};
		692F15EF2F89F61E0037745D /* tests */ = {
			isa = PBXNativeTarget;
			buildConfigurationList = 692F15F42F89F61E0037745D /* Build configuration list for PBXNativeTarget "tests" */;
			buildPhases = (
				692F15EC2F89F61E0037745D /* Sources */,
				692F15ED2F89F61E0037745D /* Frameworks */,
				692F15EE2F89F61E0037745D /* CopyFiles */,
			);
			buildRules = (
			);
			dependencies = (
				692F16072F89F64F0037745D /* PBXTargetDependency */,
			);
			fileSystemSynchronizedGroups = (
				692F15F12F89F61E0037745D /* tests */,
			);
			name = tests;
			packageProductDependencies = (
			);
			productName = tests;
			productReference = 692F15F02F89F61E0037745D /* tests */;
			productType = "com.apple.product-type.tool";
		};
/* End PBXNativeTarget section */

/* Begin PBXProject section */
		692F15402F89398D0037745D /* Project object */ = {
			isa = PBXProject;
			attributes = {
				BuildIndependentTargetsInParallel = 1;
				LastUpgradeCheck = 2640;
				TargetAttributes = {
					692F15472F89398D0037745D = {
						CreatedOnToolsVersion = 26.4;
					};
					692F15EF2F89F61E0037745D = {
						CreatedOnToolsVersion = 26.4;
					};
				};
			};
			buildConfigurationList = 692F15432F89398D0037745D /* Build configuration list for PBXProject "lsd" */;
			developmentRegion = en;
			hasScannedForEncodings = 0;
			knownRegions = (
				en,
				Base,
			);
			mainGroup = 692F153F2F89398D0037745D;
			minimizedProjectReferenceProxies = 1;
			preferredProjectObjectVersion = 77;
			productRefGroup = 692F15492F89398D0037745D /* Products */;
			projectDirPath = "";
			projectReferences = (
				{
					ProductGroup = 692F1D592F91DC900037745D /* Products */;
					ProjectRef = 692F1D552F91DC900037745D /* dictzip.xcodeproj */;
				},
			);
			projectRoot = "";
			targets = (
				692F15472F89398D0037745D /* lsd */,
				692F15EF2F89F61E0037745D /* tests */,
			);
		};
/* End PBXProject section */

/* Begin PBXSourcesBuildPhase section */
		692F15452F89398D0037745D /* Sources */ = {
			isa = PBXSourcesBuildPhase;
			buildActionMask = 2147483647;
			files = (
			);
			runOnlyForDeploymentPostprocessing = 0;
		};
		692F15EC2F89F61E0037745D /* Sources */ = {
			isa = PBXSourcesBuildPhase;
			buildActionMask = 2147483647;
			files = (
			);
			runOnlyForDeploymentPostprocessing = 0;
		};
/* End PBXSourcesBuildPhase section */

/* Begin PBXTargetDependency section */
		692F16072F89F64F0037745D /* PBXTargetDependency */ = {
			isa = PBXTargetDependency;
			target = 692F15472F89398D0037745D /* lsd */;
			targetProxy = 692F16062F89F64F0037745D /* PBXContainerItemProxy */;
		};
/* End PBXTargetDependency section */

/* Begin XCBuildConfiguration section */
		692F154A2F89398D0037745D /* Debug */ = {
			isa = XCBuildConfiguration;
			buildSettings = {
				ALWAYS_SEARCH_USER_PATHS = NO;
				ASSETCATALOG_COMPILER_GENERATE_SWIFT_ASSET_SYMBOL_EXTENSIONS = YES;
				CLANG_ANALYZER_NONNULL = YES;
				CLANG_ANALYZER_NUMBER_OBJECT_CONVERSION = YES_AGGRESSIVE;
				CLANG_CXX_LANGUAGE_STANDARD = "gnu++20";
				CLANG_ENABLE_MODULES = YES;
				CLANG_ENABLE_OBJC_ARC = YES;
				CLANG_ENABLE_OBJC_WEAK = YES;
				CLANG_WARN_BLOCK_CAPTURE_AUTORELEASING = YES;
				CLANG_WARN_BOOL_CONVERSION = YES;
				CLANG_WARN_COMMA = YES;
				CLANG_WARN_CONSTANT_CONVERSION = YES;
				CLANG_WARN_DEPRECATED_OBJC_IMPLEMENTATIONS = YES;
				CLANG_WARN_DIRECT_OBJC_ISA_USAGE = YES_ERROR;
				CLANG_WARN_DOCUMENTATION_COMMENTS = YES;
				CLANG_WARN_EMPTY_BODY = YES;
				CLANG_WARN_ENUM_CONVERSION = YES;
				CLANG_WARN_INFINITE_RECURSION = YES;
				CLANG_WARN_INT_CONVERSION = YES;
				CLANG_WARN_NON_LITERAL_NULL_CONVERSION = YES;
				CLANG_WARN_OBJC_IMPLICIT_RETAIN_SELF = YES;
				CLANG_WARN_OBJC_LITERAL_CONVERSION = YES;
				CLANG_WARN_OBJC_ROOT_CLASS = YES_ERROR;
				CLANG_WARN_QUOTED_INCLUDE_IN_FRAMEWORK_HEADER = YES;
				CLANG_WARN_RANGE_LOOP_ANALYSIS = YES;
				CLANG_WARN_STRICT_PROTOTYPES = YES;
				CLANG_WARN_SUSPICIOUS_MOVE = YES;
				CLANG_WARN_UNGUARDED_AVAILABILITY = YES_AGGRESSIVE;
				CLANG_WARN_UNREACHABLE_CODE = YES;
				CLANG_WARN__DUPLICATE_METHOD_MATCH = YES;
				COPY_PHASE_STRIP = NO;
				DEBUG_INFORMATION_FORMAT = dwarf;
				ENABLE_STRICT_OBJC_MSGSEND = YES;
				ENABLE_TESTABILITY = YES;
				ENABLE_USER_SCRIPT_SANDBOXING = YES;
				GCC_C_LANGUAGE_STANDARD = gnu17;
				GCC_DYNAMIC_NO_PIC = NO;
				GCC_NO_COMMON_BLOCKS = YES;
				GCC_OPTIMIZATION_LEVEL = 0;
				GCC_PREPROCESSOR_DEFINITIONS = (
					"DEBUG=1",
					"$(inherited)",
				);
				GCC_WARN_64_TO_32_BIT_CONVERSION = YES;
				GCC_WARN_ABOUT_RETURN_TYPE = YES_ERROR;
				GCC_WARN_UNDECLARED_SELECTOR = YES;
				GCC_WARN_UNINITIALIZED_AUTOS = YES_AGGRESSIVE;
				GCC_WARN_UNUSED_FUNCTION = YES;
				GCC_WARN_UNUSED_VARIABLE = YES;
				LOCALIZATION_PREFERS_STRING_CATALOGS = YES;
				MACOSX_DEPLOYMENT_TARGET = 26.3;
				MTL_ENABLE_DEBUG_INFO = INCLUDE_SOURCE;
				MTL_FAST_MATH = YES;
				ONLY_ACTIVE_ARCH = YES;
				SDKROOT = macosx;
			};
			name = Debug;
		};
		692F154B2F89398D0037745D /* Release */ = {
			isa = XCBuildConfiguration;
			buildSettings = {
				ALWAYS_SEARCH_USER_PATHS = NO;
				ASSETCATALOG_COMPILER_GENERATE_SWIFT_ASSET_SYMBOL_EXTENSIONS = YES;
				CLANG_ANALYZER_NONNULL = YES;
				CLANG_ANALYZER_NUMBER_OBJECT_CONVERSION = YES_AGGRESSIVE;
				CLANG_CXX_LANGUAGE_STANDARD = "gnu++20";
				CLANG_ENABLE_MODULES = YES;
				CLANG_ENABLE_OBJC_ARC = YES;
				CLANG_ENABLE_OBJC_WEAK = YES;
				CLANG_WARN_BLOCK_CAPTURE_AUTORELEASING = YES;
				CLANG_WARN_BOOL_CONVERSION = YES;
				CLANG_WARN_COMMA = YES;
				CLANG_WARN_CONSTANT_CONVERSION = YES;
				CLANG_WARN_DEPRECATED_OBJC_IMPLEMENTATIONS = YES;
				CLANG_WARN_DIRECT_OBJC_ISA_USAGE = YES_ERROR;
				CLANG_WARN_DOCUMENTATION_COMMENTS = YES;
				CLANG_WARN_EMPTY_BODY = YES;
				CLANG_WARN_ENUM_CONVERSION = YES;
				CLANG_WARN_INFINITE_RECURSION = YES;
				CLANG_WARN_INT_CONVERSION = YES;
				CLANG_WARN_NON_LITERAL_NULL_CONVERSION = YES;
				CLANG_WARN_OBJC_IMPLICIT_RETAIN_SELF = YES;
				CLANG_WARN_OBJC_LITERAL_CONVERSION = YES;
				CLANG_WARN_OBJC_ROOT_CLASS = YES_ERROR;
				CLANG_WARN_QUOTED_INCLUDE_IN_FRAMEWORK_HEADER = YES;
				CLANG_WARN_RANGE_LOOP_ANALYSIS = YES;
				CLANG_WARN_STRICT_PROTOTYPES = YES;
				CLANG_WARN_SUSPICIOUS_MOVE = YES;
				CLANG_WARN_UNGUARDED_AVAILABILITY = YES_AGGRESSIVE;
				CLANG_WARN_UNREACHABLE_CODE = YES;
				CLANG_WARN__DUPLICATE_METHOD_MATCH = YES;
				COPY_PHASE_STRIP = NO;
				DEBUG_INFORMATION_FORMAT = "dwarf-with-dsym";
				ENABLE_NS_ASSERTIONS = NO;
				ENABLE_STRICT_OBJC_MSGSEND = YES;
				ENABLE_USER_SCRIPT_SANDBOXING = YES;
				GCC_C_LANGUAGE_STANDARD = gnu17;
				GCC_NO_COMMON_BLOCKS = YES;
				GCC_WARN_64_TO_32_BIT_CONVERSION = YES;
				GCC_WARN_ABOUT_RETURN_TYPE = YES_ERROR;
				GCC_WARN_UNDECLARED_SELECTOR = YES;
				GCC_WARN_UNINITIALIZED_AUTOS = YES_AGGRESSIVE;
				GCC_WARN_UNUSED_FUNCTION = YES;
				GCC_WARN_UNUSED_VARIABLE = YES;
				LOCALIZATION_PREFERS_STRING_CATALOGS = YES;
				MACOSX_DEPLOYMENT_TARGET = 26.3;
				MTL_ENABLE_DEBUG_INFO = NO;
				MTL_FAST_MATH = YES;
				SDKROOT = macosx;
			};
			name = Release;
		};
		692F154D2F89398D0037745D /* Debug */ = {
			isa = XCBuildConfiguration;
			buildSettings = {
				CODE_SIGN_STYLE = Automatic;
				EXECUTABLE_PREFIX = lib;
				HEADER_SEARCH_PATHS = /opt/homebrew/include;
				LIBRARY_SEARCH_PATHS = (
					/opt/homebrew/lib,
					/opt/homebrew/Cellar/libvorbis/1.3.7/lib,
					/opt/homebrew/Cellar/libogg/1.3.6/lib,
				);
				PRODUCT_NAME = "$(TARGET_NAME)";
				SKIP_INSTALL = YES;
			};
			name = Debug;
		};
		692F154E2F89398D0037745D /* Release */ = {
			isa = XCBuildConfiguration;
			buildSettings = {
				CODE_SIGN_STYLE = Automatic;
				EXECUTABLE_PREFIX = lib;
				HEADER_SEARCH_PATHS = /opt/homebrew/include;
				LIBRARY_SEARCH_PATHS = (
					/opt/homebrew/lib,
					/opt/homebrew/Cellar/libvorbis/1.3.7/lib,
					/opt/homebrew/Cellar/libogg/1.3.6/lib,
				);
				PRODUCT_NAME = "$(TARGET_NAME)";
				SKIP_INSTALL = YES;
			};
			name = Release;
		};
		692F15F52F89F61E0037745D /* Debug */ = {
			isa = XCBuildConfiguration;
			buildSettings = {
				CODE_SIGN_STYLE = Automatic;
				LIBRARY_SEARCH_PATHS = (
					"$(inherited)",
					/opt/homebrew/Cellar/libvorbis/1.3.7/lib,
					/opt/homebrew/Cellar/libogg/1.3.6/lib,
					/opt/homebrew/Cellar/libunistring/1.4.2/lib,
				);
				PRODUCT_NAME = "$(TARGET_NAME)";
			};
			name = Debug;
		};
		692F15F62F89F61E0037745D /* Release */ = {
			isa = XCBuildConfiguration;
			buildSettings = {
				CODE_SIGN_STYLE = Automatic;
				LIBRARY_SEARCH_PATHS = (
					"$(inherited)",
					/opt/homebrew/Cellar/libvorbis/1.3.7/lib,
					/opt/homebrew/Cellar/libogg/1.3.6/lib,
					/opt/homebrew/Cellar/libunistring/1.4.2/lib,
				);
				PRODUCT_NAME = "$(TARGET_NAME)";
			};
			name = Release;
		};
/* End XCBuildConfiguration section */

/* Begin XCConfigurationList section */
		692F15432F89398D0037745D /* Build configuration list for PBXProject "lsd" */ = {
			isa = XCConfigurationList;
			buildConfigurations = (
				692F154A2F89398D0037745D /* Debug */,
				692F154B2F89398D0037745D /* Release */,
			);
			defaultConfigurationIsVisible = 0;
			defaultConfigurationName = Release;
		};
		692F154C2F89398D0037745D /* Build configuration list for PBXNativeTarget "lsd" */ = {
			isa = XCConfigurationList;
			buildConfigurations = (
				692F154D2F89398D0037745D /* Debug */,
				692F154E2F89398D0037745D /* Release */,
			);
			defaultConfigurationIsVisible = 0;
			defaultConfigurationName = Release;
		};
		692F15F42F89F61E0037745D /* Build configuration list for PBXNativeTarget "tests" */ = {
			isa = XCConfigurationList;
			buildConfigurations = (
				692F15F52F89F61E0037745D /* Debug */,
				692F15F62F89F61E0037745D /* Release */,
			);
			defaultConfigurationIsVisible = 0;
			defaultConfigurationName = Release;
		};
/* End XCConfigurationList section */
	};
	rootObject = 692F15402F89398D0037745D /* Project object */;
}
